
Microsoft Visual Studio Solution File, Format Version 12.00
# Visual Studio Version 16
VisualStudioVersion = 16.0.31025.194
MinimumVisualStudioVersion = 10.0.40219.1
Project("{FAE04EC0-301F-11D3-BF4B-00C04F79EFBC}") = "UI", "UI\UI.csproj", "{C5454B13-AE05-4C3F-8124-92ADFAD60DBA}"
EndProject
Global
	GlobalSection(SolutionConfigurationPlatforms) = preSolution
		Debug|Any CPU = Debug|Any CPU
		Release|Any CPU = Release|Any CPU
	EndGlobalSection
	GlobalSection(ProjectConfigurationPlatforms) = postSolution
		{C5454B13-AE05-4C3F-8124-92ADFAD60DBA}.Debug|Any CPU.ActiveCfg = Debug|Any CPU
		{C5454B13-AE05-4C3F-8124-92ADFAD60DBA}.Debug|Any CPU.Build.0 = Debug|Any CPU
		{C5454B13-AE05-4C3F-8124-92ADFAD60DBA}.Release|Any CPU.ActiveCfg = Release|Any CPU
		{C5454B13-AE05-4C3F-8124-92ADFAD60DBA}.Release|Any CPU.Build.0 = Release|Any CPU
	EndGlobalSection
	GlobalSection(SolutionProperties) = preSolution
		HideSolutionNode = FALSE
	EndGlobalSection
	GlobalSection(ExtensibilityGlobals) = postSolution
		SolutionGuid = {F4C46E3F-76D3-43B6-9CCB-386130EED91E}
	EndGlobalSection
EndGlobal
